
Microsoft Visual Studio Solution File, Format Version 12.00
# Visual Studio 15
VisualStudioVersion = 15.0.28010.2041
MinimumVisualStudioVersion = 10.0.40219.1
Project("{FAE04EC0-301F-11D3-BF4B-00C04F79EFBC}") = "GenerateRandomNumbersInCSharp", "GenerateRandomNumbersInCSharp\GenerateRandomNumbersInCSharp.csproj", "{29A9A489-58D8-4665-9265-DD57CF03B23C}"
EndProject
Global
	GlobalSection(SolutionConfigurationPlatforms) = preSolution
		Debug|Any CPU = Debug|Any CPU
		Release|Any CPU = Release|Any CPU
	EndGlobalSection
	GlobalSection(ProjectConfigurationPlatforms) = postSolution
		{29A9A489-58D8-4665-9265-DD57CF03B23C}.Debug|Any CPU.ActiveCfg = Debug|Any CPU
		{29A9A489-58D8-4665-9265-DD57CF03B23C}.Debug|Any CPU.Build.0 = Debug|Any CPU
		{29A9A489-58D8-4665-9265-DD57CF03B23C}.Release|Any CPU.ActiveCfg = Release|Any CPU
		{29A9A489-58D8-4665-9265-DD57CF03B23C}.Release|Any CPU.Build.0 = Release|Any CPU
	EndGlobalSection
	GlobalSection(SolutionProperties) = preSolution
		HideSolutionNode = FALSE
	EndGlobalSection
	GlobalSection(ExtensibilityGlobals) = postSolution
		SolutionGuid = {744EEB47-5C2E-4185-9267-0C93895C87CB}
	EndGlobalSection
EndGlobal
